// !$*UTF8*$!
{
	archiveVersion = 1;
	classes = {
	};
	objectVersion = 53;
	objects = {

/* Begin PBXBuildFile section */
		804BBD8C199B8A5300AC019F /* CustomPrintf.cpp in Sources */ = {isa = PBXBuildFile; fileRef = F993F7FC0B6BF0100057BE5A /* CustomPrintf.cpp */; };
		804F969C1FA21B40007BAABE /* SyncMutex.cpp in Sources */ = {isa = PBXBuildFile; fileRef = 80E4CBA819D23515003236D2 /* SyncMutex.cpp */; };
		804F969D1FA21B40007BAABE /* SyncMutex.cpp in Sources */ = {isa = PBXBuildFile; fileRef = 80E4CBA819D23515003236D2 /* SyncMutex.cpp */; };
		804F96A01FA21EE6007BAABE /* SynclavierFileReference.mm in Sources */ = {isa = PBXBuildFile; fileRef = 804F969F1FA21EE6007BAABE /* SynclavierFileReference.mm */; };
		804F96A41FA22074007BAABE /* SynclavierFileReference.mm in Sources */ = {isa = PBXBuildFile; fileRef = 804F969F1FA21EE6007BAABE /* SynclavierFileReference.mm */; };
		807ABF611F9A451C000ACC85 /* Carbon.framework in Frameworks */ = {isa = PBXBuildFile; fileRef = 807ABF601F9A451C000ACC85 /* Carbon.framework */; };
		807ABF631F9A452E000ACC85 /* IOKit.framework in Frameworks */ = {isa = PBXBuildFile; fileRef = 807ABF621F9A452E000ACC85 /* IOKit.framework */; };
		807ABF641F9A455A000ACC85 /* IOKit.framework in Frameworks */ = {isa = PBXBuildFile; fileRef = 807ABF621F9A452E000ACC85 /* IOKit.framework */; };
		807ABF651F9A455D000ACC85 /* Carbon.framework in Frameworks */ = {isa = PBXBuildFile; fileRef = 807ABF601F9A451C000ACC85 /* Carbon.framework */; };
		808282EF1A6C1CA90062339C /* XPLToCTool.cpp in Sources */ = {isa = PBXBuildFile; fileRef = 80C58D071A6B4F1C00E3DDC9 /* XPLToCTool.cpp */; };
		808282F21A6C1CA90062339C /* sgen.cpp in Sources */ = {isa = PBXBuildFile; fileRef = F993ED940B6BDF8B0057BE5A /* sgen.cpp */; };
		808282F41A6C1CA90062339C /* pass1.cpp in Sources */ = {isa = PBXBuildFile; fileRef = F993ED9C0B6BDF9A0057BE5A /* pass1.cpp */; };
		808282F51A6C1CA90062339C /* pass2.cpp in Sources */ = {isa = PBXBuildFile; fileRef = F993EDC50B6BE02D0057BE5A /* pass2.cpp */; };
		808282F61A6C1CA90062339C /* pass3.cpp in Sources */ = {isa = PBXBuildFile; fileRef = F993EE120B6BE12D0057BE5A /* pass3.cpp */; };
		808282FB1A6C1CA90062339C /* XPL.cpp in Sources */ = {isa = PBXBuildFile; fileRef = 80C089CD19AE26810042E4A1 /* XPL.cpp */; };
		808282FE1A6C1CA90062339C /* CustomPrintf.cpp in Sources */ = {isa = PBXBuildFile; fileRef = F993F7FC0B6BF0100057BE5A /* CustomPrintf.cpp */; };
		808283031A6C1CA90062339C /* XPLCompiler.h in CopyFiles */ = {isa = PBXBuildFile; fileRef = F993ED720B6BDEBB0057BE5A /* XPLCompiler.h */; };
		808283041A6C1CA90062339C /* defs.h in CopyFiles */ = {isa = PBXBuildFile; fileRef = F993ED830B6BDF310057BE5A /* defs.h */; };
		808283051A6C1CA90062339C /* p1-defs.h in CopyFiles */ = {isa = PBXBuildFile; fileRef = F993ED850B6BDF480057BE5A /* p1-defs.h */; };
		808283061A6C1CA90062339C /* p2-defs.h in CopyFiles */ = {isa = PBXBuildFile; fileRef = F993ED870B6BDF580057BE5A /* p2-defs.h */; };
		808283071A6C1CA90062339C /* p12-defs.h in CopyFiles */ = {isa = PBXBuildFile; fileRef = F993ED890B6BDF5D0057BE5A /* p12-defs.h */; };
		808283081A6C1CA90062339C /* p23-defs.h in CopyFiles */ = {isa = PBXBuildFile; fileRef = F993ED8B0B6BDF620057BE5A /* p23-defs.h */; };
		808283091A6C1CA90062339C /* asciilit.h in CopyFiles */ = {isa = PBXBuildFile; fileRef = F993EDAF0B6BDFE60057BE5A /* asciilit.h */; };
		8082830B1A6C1CA90062339C /* Standard.h in CopyFiles */ = {isa = PBXBuildFile; fileRef = F993F7D40B6BEFEB0057BE5A /* Standard.h */; };
		8082830C1A6C1CA90062339C /* XPL.h in CopyFiles */ = {isa = PBXBuildFile; fileRef = F993F7D80B6BEFF70057BE5A /* XPL.h */; };
		8082830E1A6C1CA90062339C /* literals.h in CopyFiles */ = {isa = PBXBuildFile; fileRef = F993F7DA0B6BEFF70057BE5A /* literals.h */; };
		808283111A6C1CA90062339C /* syslits.h in CopyFiles */ = {isa = PBXBuildFile; fileRef = F993F7DD0B6BEFF70057BE5A /* syslits.h */; };
		808283141A6C1CA90062339C /* CustomPrintf.h in CopyFiles */ = {isa = PBXBuildFile; fileRef = F993F7FB0B6BF0100057BE5A /* CustomPrintf.h */; };
		808283191A6C1CA90062339C /* Utility.h in CopyFiles */ = {isa = PBXBuildFile; fileRef = F993F8030B6BF0100057BE5A /* Utility.h */; };
		8082831B1A6C1CA90062339C /* InterChange.h in CopyFiles */ = {isa = PBXBuildFile; fileRef = F993F8200B6BF0610057BE5A /* InterChange.h */; };
		8082832A1A6C1CA90062339C /* XPLCompilerPrefix.h in CopyFiles */ = {isa = PBXBuildFile; fileRef = F972B45E0B6D43EA005D9607 /* XPLCompilerPrefix.h */; };
		809C39CD1FA20A65004327CD /* XPLRunTimeOSX.cpp in Sources */ = {isa = PBXBuildFile; fileRef = F993F7FA0B6BF0100057BE5A /* XPLRunTimeOSX.cpp */; };
		809C39CE1FA20A66004327CD /* XPLRunTimeOSX.cpp in Sources */ = {isa = PBXBuildFile; fileRef = F993F7FA0B6BF0100057BE5A /* XPLRunTimeOSX.cpp */; };
		80C089CE19AE26810042E4A1 /* XPL.cpp in Sources */ = {isa = PBXBuildFile; fileRef = 80C089CD19AE26810042E4A1 /* XPL.cpp */; };
		F972B45F0B6D43EA005D9607 /* XPLCompilerPrefix.h in CopyFiles */ = {isa = PBXBuildFile; fileRef = F972B45E0B6D43EA005D9607 /* XPLCompilerPrefix.h */; };
		F993ED6E0B6BDE9C0057BE5A /* XPLCompiler.cpp in Sources */ = {isa = PBXBuildFile; fileRef = F993ED6D0B6BDE9C0057BE5A /* XPLCompiler.cpp */; };
		F993ED730B6BDEBB0057BE5A /* XPLCompiler.h in CopyFiles */ = {isa = PBXBuildFile; fileRef = F993ED720B6BDEBB0057BE5A /* XPLCompiler.h */; };
		F993ED840B6BDF310057BE5A /* defs.h in CopyFiles */ = {isa = PBXBuildFile; fileRef = F993ED830B6BDF310057BE5A /* defs.h */; };
		F993ED860B6BDF480057BE5A /* p1-defs.h in CopyFiles */ = {isa = PBXBuildFile; fileRef = F993ED850B6BDF480057BE5A /* p1-defs.h */; };
		F993ED880B6BDF580057BE5A /* p2-defs.h in CopyFiles */ = {isa = PBXBuildFile; fileRef = F993ED870B6BDF580057BE5A /* p2-defs.h */; };
		F993ED8A0B6BDF5D0057BE5A /* p12-defs.h in CopyFiles */ = {isa = PBXBuildFile; fileRef = F993ED890B6BDF5D0057BE5A /* p12-defs.h */; };
		F993ED8C0B6BDF620057BE5A /* p23-defs.h in CopyFiles */ = {isa = PBXBuildFile; fileRef = F993ED8B0B6BDF620057BE5A /* p23-defs.h */; };
		F993ED950B6BDF8B0057BE5A /* sgen.cpp in Sources */ = {isa = PBXBuildFile; fileRef = F993ED940B6BDF8B0057BE5A /* sgen.cpp */; };
		F993ED9D0B6BDF9A0057BE5A /* pass1.cpp in Sources */ = {isa = PBXBuildFile; fileRef = F993ED9C0B6BDF9A0057BE5A /* pass1.cpp */; };
		F993EDB00B6BDFE60057BE5A /* asciilit.h in CopyFiles */ = {isa = PBXBuildFile; fileRef = F993EDAF0B6BDFE60057BE5A /* asciilit.h */; };
		F993EDC60B6BE02D0057BE5A /* pass2.cpp in Sources */ = {isa = PBXBuildFile; fileRef = F993EDC50B6BE02D0057BE5A /* pass2.cpp */; };
		F993EE130B6BE12D0057BE5A /* pass3.cpp in Sources */ = {isa = PBXBuildFile; fileRef = F993EE120B6BE12D0057BE5A /* pass3.cpp */; };
		F993F4590B6BE96F0057BE5A /* XPLCompilerTool.cpp in Sources */ = {isa = PBXBuildFile; fileRef = F993F4580B6BE96F0057BE5A /* XPLCompilerTool.cpp */; };
		F993F7D60B6BEFEB0057BE5A /* Standard.h in CopyFiles */ = {isa = PBXBuildFile; fileRef = F993F7D40B6BEFEB0057BE5A /* Standard.h */; };
		F993F7E00B6BEFF70057BE5A /* XPL.h in CopyFiles */ = {isa = PBXBuildFile; fileRef = F993F7D80B6BEFF70057BE5A /* XPL.h */; };
		F993F7E20B6BEFF70057BE5A /* literals.h in CopyFiles */ = {isa = PBXBuildFile; fileRef = F993F7DA0B6BEFF70057BE5A /* literals.h */; };
		F993F7E50B6BEFF70057BE5A /* syslits.h in CopyFiles */ = {isa = PBXBuildFile; fileRef = F993F7DD0B6BEFF70057BE5A /* syslits.h */; };
		F993F8060B6BF0100057BE5A /* CustomPrintf.h in CopyFiles */ = {isa = PBXBuildFile; fileRef = F993F7FB0B6BF0100057BE5A /* CustomPrintf.h */; };
		F993F80E0B6BF0100057BE5A /* Utility.h in CopyFiles */ = {isa = PBXBuildFile; fileRef = F993F8030B6BF0100057BE5A /* Utility.h */; };
		F993F8240B6BF0610057BE5A /* InterChange.h in CopyFiles */ = {isa = PBXBuildFile; fileRef = F993F8200B6BF0610057BE5A /* InterChange.h */; };
/* End PBXBuildFile section */

/* Begin PBXCopyFilesBuildPhase section */
		808283021A6C1CA90062339C /* CopyFiles */ = {
			isa = PBXCopyFilesBuildPhase;
			buildActionMask = 8;
			dstPath = /usr/share/man/man1/;
			dstSubfolderSpec = 0;
			files = (
				808283031A6C1CA90062339C /* XPLCompiler.h in CopyFiles */,
				808283041A6C1CA90062339C /* defs.h in CopyFiles */,
				808283051A6C1CA90062339C /* p1-defs.h in CopyFiles */,
				808283061A6C1CA90062339C /* p2-defs.h in CopyFiles */,
				808283071A6C1CA90062339C /* p12-defs.h in CopyFiles */,
				808283081A6C1CA90062339C /* p23-defs.h in CopyFiles */,
				808283091A6C1CA90062339C /* asciilit.h in CopyFiles */,
				8082830B1A6C1CA90062339C /* Standard.h in CopyFiles */,
				8082830C1A6C1CA90062339C /* XPL.h in CopyFiles */,
				8082830E1A6C1CA90062339C /* literals.h in CopyFiles */,
				808283111A6C1CA90062339C /* syslits.h in CopyFiles */,
				808283141A6C1CA90062339C /* CustomPrintf.h in CopyFiles */,
				808283191A6C1CA90062339C /* Utility.h in CopyFiles */,
				8082831B1A6C1CA90062339C /* InterChange.h in CopyFiles */,
				8082832A1A6C1CA90062339C /* XPLCompilerPrefix.h in CopyFiles */,
			);
			runOnlyForDeploymentPostprocessing = 1;
		};
		8DD76F690486A84900D96B5E /* CopyFiles */ = {
			isa = PBXCopyFilesBuildPhase;
			buildActionMask = 8;
			dstPath = /usr/share/man/man1/;
			dstSubfolderSpec = 0;
			files = (
				F993ED730B6BDEBB0057BE5A /* XPLCompiler.h in CopyFiles */,
				F993ED840B6BDF310057BE5A /* defs.h in CopyFiles */,
				F993ED860B6BDF480057BE5A /* p1-defs.h in CopyFiles */,
				F993ED880B6BDF580057BE5A /* p2-defs.h in CopyFiles */,
				F993ED8A0B6BDF5D0057BE5A /* p12-defs.h in CopyFiles */,
				F993ED8C0B6BDF620057BE5A /* p23-defs.h in CopyFiles */,
				F993EDB00B6BDFE60057BE5A /* asciilit.h in CopyFiles */,
				F993F7D60B6BEFEB0057BE5A /* Standard.h in CopyFiles */,
				F993F7E00B6BEFF70057BE5A /* XPL.h in CopyFiles */,
				F993F7E20B6BEFF70057BE5A /* literals.h in CopyFiles */,
				F993F7E50B6BEFF70057BE5A /* syslits.h in CopyFiles */,
				F993F8060B6BF0100057BE5A /* CustomPrintf.h in CopyFiles */,
				F993F80E0B6BF0100057BE5A /* Utility.h in CopyFiles */,
				F993F8240B6BF0610057BE5A /* InterChange.h in CopyFiles */,
				F972B45F0B6D43EA005D9607 /* XPLCompilerPrefix.h in CopyFiles */,
			);
			runOnlyForDeploymentPostprocessing = 1;
		};
/* End PBXCopyFilesBuildPhase section */

/* Begin PBXFileReference section */
		804F969E1FA21EE6007BAABE /* SynclavierFileReference.h */ = {isa = PBXFileReference; fileEncoding = 4; lastKnownFileType = sourcecode.c.h; path = SynclavierFileReference.h; sourceTree = "<group>"; };
		804F969F1FA21EE6007BAABE /* SynclavierFileReference.mm */ = {isa = PBXFileReference; fileEncoding = 4; lastKnownFileType = sourcecode.cpp.objcpp; path = SynclavierFileReference.mm; sourceTree = "<group>"; };
		804F96A31FA21F9B007BAABE /* SynclavierTypes.h */ = {isa = PBXFileReference; lastKnownFileType = sourcecode.c.h; path = SynclavierTypes.h; sourceTree = "<group>"; };
		807ABF601F9A451C000ACC85 /* Carbon.framework */ = {isa = PBXFileReference; lastKnownFileType = wrapper.framework; path = Carbon.framework; sourceTree = "<group>"; };
		807ABF621F9A452E000ACC85 /* IOKit.framework */ = {isa = PBXFileReference; lastKnownFileType = wrapper.framework; path = IOKit.framework; sourceTree = "<group>"; };
		8082832E1A6C1CA90062339C /* XPLTranslator */ = {isa = PBXFileReference; explicitFileType = "compiled.mach-o.executable"; includeInIndex = 0; path = XPLTranslator; sourceTree = BUILT_PRODUCTS_DIR; };
		80C089CD19AE26810042E4A1 /* XPL.cpp */ = {isa = PBXFileReference; fileEncoding = 4; lastKnownFileType = sourcecode.cpp.cpp; path = XPL.cpp; sourceTree = "<group>"; };
		80C4C0A81FA16E89006B54D9 /* catrtns.h */ = {isa = PBXFileReference; lastKnownFileType = sourcecode.c.h; name = catrtns.h; path = "-XPL/catrtns.h"; sourceTree = "<group>"; };
		80C58D071A6B4F1C00E3DDC9 /* XPLToCTool.cpp */ = {isa = PBXFileReference; fileEncoding = 4; lastKnownFileType = sourcecode.cpp.cpp; path = XPLToCTool.cpp; sourceTree = "<group>"; };
		80C885D519ABD3E5009CA158 /* XPLRuntime.h */ = {isa = PBXFileReference; lastKnownFileType = sourcecode.c.h; path = XPLRuntime.h; sourceTree = "<group>"; };
		80E4CBA819D23515003236D2 /* SyncMutex.cpp */ = {isa = PBXFileReference; fileEncoding = 4; lastKnownFileType = sourcecode.cpp.cpp; path = SyncMutex.cpp; sourceTree = "<group>"; };
		80E4CBA919D23515003236D2 /* SyncMutex.h */ = {isa = PBXFileReference; fileEncoding = 4; lastKnownFileType = sourcecode.c.h; path = SyncMutex.h; sourceTree = "<group>"; };
		8DD76F6C0486A84900D96B5E /* XPLCompiler */ = {isa = PBXFileReference; explicitFileType = "compiled.mach-o.executable"; includeInIndex = 0; path = XPLCompiler; sourceTree = BUILT_PRODUCTS_DIR; };
		F972B45E0B6D43EA005D9607 /* XPLCompilerPrefix.h */ = {isa = PBXFileReference; fileEncoding = 4; lastKnownFileType = sourcecode.c.h; path = XPLCompilerPrefix.h; sourceTree = SOURCE_ROOT; };
		F993ED6D0B6BDE9C0057BE5A /* XPLCompiler.cpp */ = {isa = PBXFileReference; fileEncoding = 30; lastKnownFileType = sourcecode.cpp.cpp; path = XPLCompiler.cpp; sourceTree = "<group>"; };
		F993ED720B6BDEBB0057BE5A /* XPLCompiler.h */ = {isa = PBXFileReference; fileEncoding = 30; lastKnownFileType = sourcecode.c.h; path = XPLCompiler.h; sourceTree = "<group>"; };
		F993ED830B6BDF310057BE5A /* defs.h */ = {isa = PBXFileReference; fileEncoding = 30; lastKnownFileType = sourcecode.c.h; path = defs.h; sourceTree = "<group>"; };
		F993ED850B6BDF480057BE5A /* p1-defs.h */ = {isa = PBXFileReference; fileEncoding = 30; lastKnownFileType = sourcecode.c.h; lineEnding = 0; path = "p1-defs.h"; sourceTree = "<group>"; tabWidth = 3; };
		F993ED870B6BDF580057BE5A /* p2-defs.h */ = {isa = PBXFileReference; fileEncoding = 30; lastKnownFileType = sourcecode.c.h; path = "p2-defs.h"; sourceTree = "<group>"; };
		F993ED890B6BDF5D0057BE5A /* p12-defs.h */ = {isa = PBXFileReference; fileEncoding = 30; lastKnownFileType = sourcecode.c.h; path = "p12-defs.h"; sourceTree = "<group>"; };
		F993ED8B0B6BDF620057BE5A /* p23-defs.h */ = {isa = PBXFileReference; fileEncoding = 30; lastKnownFileType = sourcecode.c.h; path = "p23-defs.h"; sourceTree = "<group>"; };
		F993ED940B6BDF8B0057BE5A /* sgen.cpp */ = {isa = PBXFileReference; fileEncoding = 30; lastKnownFileType = sourcecode.cpp.cpp; path = sgen.cpp; sourceTree = "<group>"; };
		F993ED9C0B6BDF9A0057BE5A /* pass1.cpp */ = {isa = PBXFileReference; fileEncoding = 30; lastKnownFileType = sourcecode.cpp.cpp; path = pass1.cpp; sourceTree = "<group>"; };
		F993EDAF0B6BDFE60057BE5A /* asciilit.h */ = {isa = PBXFileReference; fileEncoding = 30; lastKnownFileType = sourcecode.c.h; name = asciilit.h; path = "-XPL/asciilit.h"; sourceTree = "<group>"; };
		F993EDC50B6BE02D0057BE5A /* pass2.cpp */ = {isa = PBXFileReference; fileEncoding = 30; lastKnownFileType = sourcecode.cpp.cpp; path = pass2.cpp; sourceTree = "<group>"; };
		F993EE120B6BE12D0057BE5A /* pass3.cpp */ = {isa = PBXFileReference; fileEncoding = 30; lastKnownFileType = sourcecode.cpp.cpp; path = pass3.cpp; sourceTree = "<group>"; };
		F993F4580B6BE96F0057BE5A /* XPLCompilerTool.cpp */ = {isa = PBXFileReference; fileEncoding = 30; lastKnownFileType = sourcecode.cpp.cpp; path = XPLCompilerTool.cpp; sourceTree = "<group>"; };
		F993F7D40B6BEFEB0057BE5A /* Standard.h */ = {isa = PBXFileReference; fileEncoding = 30; lastKnownFileType = sourcecode.c.h; path = Standard.h; sourceTree = "<group>"; };
		F993F7D80B6BEFF70057BE5A /* XPL.h */ = {isa = PBXFileReference; fileEncoding = 30; lastKnownFileType = sourcecode.c.h; path = XPL.h; sourceTree = "<group>"; };
		F993F7DA0B6BEFF70057BE5A /* literals.h */ = {isa = PBXFileReference; fileEncoding = 30; lastKnownFileType = sourcecode.c.h; name = literals.h; path = "-XPL/literals.h"; sourceTree = "<group>"; };
		F993F7DD0B6BEFF70057BE5A /* syslits.h */ = {isa = PBXFileReference; fileEncoding = 30; lastKnownFileType = sourcecode.c.h; name = syslits.h; path = "-XPL/syslits.h"; sourceTree = "<group>"; };
		F993F7FA0B6BF0100057BE5A /* XPLRunTimeOSX.cpp */ = {isa = PBXFileReference; fileEncoding = 30; lastKnownFileType = sourcecode.cpp.cpp; path = XPLRunTimeOSX.cpp; sourceTree = "<group>"; };
		F993F7FB0B6BF0100057BE5A /* CustomPrintf.h */ = {isa = PBXFileReference; fileEncoding = 30; lastKnownFileType = sourcecode.c.h; path = CustomPrintf.h; sourceTree = "<group>"; };
		F993F7FC0B6BF0100057BE5A /* CustomPrintf.cpp */ = {isa = PBXFileReference; fileEncoding = 30; lastKnownFileType = sourcecode.cpp.cpp; path = CustomPrintf.cpp; sourceTree = "<group>"; };
		F993F8030B6BF0100057BE5A /* Utility.h */ = {isa = PBXFileReference; fileEncoding = 30; lastKnownFileType = sourcecode.c.h; path = Utility.h; sourceTree = "<group>"; };
		F993F8200B6BF0610057BE5A /* InterChange.h */ = {isa = PBXFileReference; fileEncoding = 30; lastKnownFileType = sourcecode.c.h; name = InterChange.h; path = "Able Interpreter/InterChange.h"; sourceTree = "<group>"; };
/* End PBXFileReference section */

/* Begin PBXFrameworksBuildPhase section */
		808282FF1A6C1CA90062339C /* Frameworks */ = {
			isa = PBXFrameworksBuildPhase;
			buildActionMask = 2147483647;
			files = (
				807ABF641F9A455A000ACC85 /* IOKit.framework in Frameworks */,
				807ABF651F9A455D000ACC85 /* Carbon.framework in Frameworks */,
			);
			runOnlyForDeploymentPostprocessing = 0;
		};
		8DD76F660486A84900D96B5E /* Frameworks */ = {
			isa = PBXFrameworksBuildPhase;
			buildActionMask = 2147483647;
			files = (
				807ABF631F9A452E000ACC85 /* IOKit.framework in Frameworks */,
				807ABF611F9A451C000ACC85 /* Carbon.framework in Frameworks */,
			);
			runOnlyForDeploymentPostprocessing = 0;
		};
/* End PBXFrameworksBuildPhase section */

/* Begin PBXGroup section */
		08FB7794FE84155DC02AAC07 /* XPL Compiler */ = {
			isa = PBXGroup;
			children = (
				F972B45E0B6D43EA005D9607 /* XPLCompilerPrefix.h */,
				F993F7D20B6BEFEB0057BE5A /* Compatibility and Typedefs */,
				F993F7D70B6BEFF70057BE5A /* Synclavier Headers */,
				F993F7F90B6BF0100057BE5A /* Able Run Time Envrionment */,
				802D4CA519ADEFB3008F1247 /* CF Wrapper Classes */,
				08FB7795FE84155DC02AAC07 /* XPL Compiler Source */,
				F993F46A0B6BE9BB0057BE5A /* Frameworks */,
				1AB674ADFE9D54B511CA2CBB /* Products */,
			);
			name = "XPL Compiler";
			sourceTree = "<group>";
		};
		08FB7795FE84155DC02AAC07 /* XPL Compiler Source */ = {
			isa = PBXGroup;
			children = (
				F993ED720B6BDEBB0057BE5A /* XPLCompiler.h */,
				F993F4580B6BE96F0057BE5A /* XPLCompilerTool.cpp */,
				F993ED6D0B6BDE9C0057BE5A /* XPLCompiler.cpp */,
				80C58D071A6B4F1C00E3DDC9 /* XPLToCTool.cpp */,
				F993ED830B6BDF310057BE5A /* defs.h */,
				F993ED850B6BDF480057BE5A /* p1-defs.h */,
				F993ED870B6BDF580057BE5A /* p2-defs.h */,
				F993ED890B6BDF5D0057BE5A /* p12-defs.h */,
				F993ED8B0B6BDF620057BE5A /* p23-defs.h */,
				F993ED940B6BDF8B0057BE5A /* sgen.cpp */,
				F993ED9C0B6BDF9A0057BE5A /* pass1.cpp */,
				F993EDC50B6BE02D0057BE5A /* pass2.cpp */,
				F993EE120B6BE12D0057BE5A /* pass3.cpp */,
			);
			name = "XPL Compiler Source";
			path = ../../Code/Sources/XPLProcessors;
			sourceTree = SOURCE_ROOT;
		};
		1AB674ADFE9D54B511CA2CBB /* Products */ = {
			isa = PBXGroup;
			children = (
				8DD76F6C0486A84900D96B5E /* XPLCompiler */,
				8082832E1A6C1CA90062339C /* XPLTranslator */,
			);
			name = Products;
			sourceTree = SYNCLAVIER_BUILD;
		};
		802D4CA519ADEFB3008F1247 /* CF Wrapper Classes */ = {
			isa = PBXGroup;
			children = (
				80E4CBA919D23515003236D2 /* SyncMutex.h */,
				80E4CBA819D23515003236D2 /* SyncMutex.cpp */,
				804F969E1FA21EE6007BAABE /* SynclavierFileReference.h */,
				804F969F1FA21EE6007BAABE /* SynclavierFileReference.mm */,
			);
			name = "CF Wrapper Classes";
			path = "../../Code/Sources/CF Wrapper Classes";
			sourceTree = SOURCE_ROOT;
		};
		F993F46A0B6BE9BB0057BE5A /* Frameworks */ = {
			isa = PBXGroup;
			children = (
				807ABF621F9A452E000ACC85 /* IOKit.framework */,
				807ABF601F9A451C000ACC85 /* Carbon.framework */,
			);
			name = Frameworks;
			path = System/Library/Frameworks;
			sourceTree = SDKROOT;
		};
		F993F7D20B6BEFEB0057BE5A /* Compatibility and Typedefs */ = {
			isa = PBXGroup;
			children = (
				F993F7D40B6BEFEB0057BE5A /* Standard.h */,
				F993F7D80B6BEFF70057BE5A /* XPL.h */,
			);
			name = "Compatibility and Typedefs";
			path = ../../Code/Includes;
			sourceTree = SOURCE_ROOT;
			usesTabs = 0;
		};
		F993F7D70B6BEFF70057BE5A /* Synclavier Headers */ = {
			isa = PBXGroup;
			children = (
				F993F7DA0B6BEFF70057BE5A /* literals.h */,
				80C4C0A81FA16E89006B54D9 /* catrtns.h */,
				F993F7DD0B6BEFF70057BE5A /* syslits.h */,
				F993EDAF0B6BDFE60057BE5A /* asciilit.h */,
				80C885D519ABD3E5009CA158 /* XPLRuntime.h */,
				F993F8200B6BF0610057BE5A /* InterChange.h */,
				804F96A31FA21F9B007BAABE /* SynclavierTypes.h */,
			);
			name = "Synclavier Headers";
			path = ../../Code/Includes;
			sourceTree = SOURCE_ROOT;
		};
		F993F7F90B6BF0100057BE5A /* Able Run Time Envrionment */ = {
			isa = PBXGroup;
			children = (
				F993F7FA0B6BF0100057BE5A /* XPLRunTimeOSX.cpp */,
				80C089CD19AE26810042E4A1 /* XPL.cpp */,
				F993F7FB0B6BF0100057BE5A /* CustomPrintf.h */,
				F993F7FC0B6BF0100057BE5A /* CustomPrintf.cpp */,
				F993F8030B6BF0100057BE5A /* Utility.h */,
			);
			name = "Able Run Time Envrionment";
			path = ../../Code/Sources/AbleRunTime;
			sourceTree = SOURCE_ROOT;
		};
/* End PBXGroup section */

/* Begin PBXNativeTarget section */
		808282EC1A6C1CA90062339C /* XPL Translator */ = {
			isa = PBXNativeTarget;
			buildConfigurationList = 8082832B1A6C1CA90062339C /* Build configuration list for PBXNativeTarget "XPL Translator" */;
			buildPhases = (
				808282ED1A6C1CA90062339C /* Sources */,
				808282FF1A6C1CA90062339C /* Frameworks */,
				808283021A6C1CA90062339C /* CopyFiles */,
			);
			buildRules = (
			);
			dependencies = (
			);
			name = "XPL Translator";
			productInstallPath = "$(HOME)/bin";
			productName = "XPL Compiler";
			productReference = 8082832E1A6C1CA90062339C /* XPLTranslator */;
			productType = "com.apple.product-type.tool";
		};
		8DD76F620486A84900D96B5E /* XPL Compiler */ = {
			isa = PBXNativeTarget;
			buildConfigurationList = 1DEB923108733DC60010E9CD /* Build configuration list for PBXNativeTarget "XPL Compiler" */;
			buildPhases = (
				8DD76F640486A84900D96B5E /* Sources */,
				8DD76F690486A84900D96B5E /* CopyFiles */,
				8DD76F660486A84900D96B5E /* Frameworks */,
			);
			buildRules = (
			);
			dependencies = (
			);
			name = "XPL Compiler";
			productInstallPath = "$(HOME)/bin";
			productName = "XPL Compiler";
			productReference = 8DD76F6C0486A84900D96B5E /* XPLCompiler */;
			productType = "com.apple.product-type.tool";
		};
/* End PBXNativeTarget section */

/* Begin PBXProject section */
		08FB7793FE84155DC02AAC07 /* Project object */ = {
			isa = PBXProject;
			attributes = {
				BuildIndependentTargetsInParallel = YES;
				LastUpgradeCheck = 1430;
				TargetAttributes = {
					8DD76F620486A84900D96B5E = {
						DevelopmentTeam = LFGJJR8TCP;
					};
				};
			};
			buildConfigurationList = 1DEB923508733DC60010E9CD /* Build configuration list for PBXProject "XPL Compiler" */;
			compatibilityVersion = "Xcode 6.3";
			developmentRegion = en;
			hasScannedForEncodings = 1;
			knownRegions = (
				en,
				Base,
			);
			mainGroup = 08FB7794FE84155DC02AAC07 /* XPL Compiler */;
			projectDirPath = "";
			projectRoot = "";
			targets = (
				8DD76F620486A84900D96B5E /* XPL Compiler */,
				808282EC1A6C1CA90062339C /* XPL Translator */,
			);
		};
/* End PBXProject section */

/* Begin PBXSourcesBuildPhase section */
		808282ED1A6C1CA90062339C /* Sources */ = {
			isa = PBXSourcesBuildPhase;
			buildActionMask = 2147483647;
			files = (
				804F969D1FA21B40007BAABE /* SyncMutex.cpp in Sources */,
				808282EF1A6C1CA90062339C /* XPLToCTool.cpp in Sources */,
				808282F21A6C1CA90062339C /* sgen.cpp in Sources */,
				808282F41A6C1CA90062339C /* pass1.cpp in Sources */,
				808282F51A6C1CA90062339C /* pass2.cpp in Sources */,
				804F96A41FA22074007BAABE /* SynclavierFileReference.mm in Sources */,
				808282F61A6C1CA90062339C /* pass3.cpp in Sources */,
				808282FB1A6C1CA90062339C /* XPL.cpp in Sources */,
				808282FE1A6C1CA90062339C /* CustomPrintf.cpp in Sources */,
				809C39CE1FA20A66004327CD /* XPLRunTimeOSX.cpp in Sources */,
			);
			runOnlyForDeploymentPostprocessing = 0;
		};
		8DD76F640486A84900D96B5E /* Sources */ = {
			isa = PBXSourcesBuildPhase;
			buildActionMask = 2147483647;
			files = (
				F993ED6E0B6BDE9C0057BE5A /* XPLCompiler.cpp in Sources */,
				F993ED950B6BDF8B0057BE5A /* sgen.cpp in Sources */,
				F993ED9D0B6BDF9A0057BE5A /* pass1.cpp in Sources */,
				809C39CD1FA20A65004327CD /* XPLRunTimeOSX.cpp in Sources */,
				F993EDC60B6BE02D0057BE5A /* pass2.cpp in Sources */,
				F993EE130B6BE12D0057BE5A /* pass3.cpp in Sources */,
				804F96A01FA21EE6007BAABE /* SynclavierFileReference.mm in Sources */,
				804F969C1FA21B40007BAABE /* SyncMutex.cpp in Sources */,
				F993F4590B6BE96F0057BE5A /* XPLCompilerTool.cpp in Sources */,
				80C089CE19AE26810042E4A1 /* XPL.cpp in Sources */,
				804BBD8C199B8A5300AC019F /* CustomPrintf.cpp in Sources */,
			);
			runOnlyForDeploymentPostprocessing = 0;
		};
/* End PBXSourcesBuildPhase section */

/* Begin XCBuildConfiguration section */
		1DEB923208733DC60010E9CD /* Debug */ = {
			isa = XCBuildConfiguration;
			buildSettings = {
				CLANG_ENABLE_OBJC_WEAK = YES;
				COPY_PHASE_STRIP = NO;
				GCC_DYNAMIC_NO_PIC = NO;
				GCC_OPTIMIZATION_LEVEL = 0;
				GCC_PREFIX_HEADER = XPLCompilerPrefix.h;
				MACOSX_DEPLOYMENT_TARGET = "$(RECOMMENDED_MACOSX_DEPLOYMENT_TARGET)";
				PRODUCT_NAME = XPLCompiler;
			};
			name = Debug;
		};
		1DEB923308733DC60010E9CD /* Release */ = {
			isa = XCBuildConfiguration;
			buildSettings = {
				CLANG_ENABLE_OBJC_WEAK = YES;
				GCC_GENERATE_DEBUGGING_SYMBOLS = NO;
				GCC_OPTIMIZATION_LEVEL = s;
				GCC_PREFIX_HEADER = XPLCompilerPrefix.h;
				MACOSX_DEPLOYMENT_TARGET = "$(RECOMMENDED_MACOSX_DEPLOYMENT_TARGET)";
				PRODUCT_NAME = XPLCompiler;
			};
			name = Release;
		};
		1DEB923608733DC60010E9CD /* Debug */ = {
			isa = XCBuildConfiguration;
			buildSettings = {
				ALWAYS_SEARCH_USER_PATHS = NO;
				CLANG_CXX_LANGUAGE_STANDARD = "c++0x";
				CLANG_CXX_LIBRARY = "libc++";
				CLANG_WARN_BLOCK_CAPTURE_AUTORELEASING = YES;
				CLANG_WARN_BOOL_CONVERSION = YES;
				CLANG_WARN_COMMA = YES;
				CLANG_WARN_CONSTANT_CONVERSION = YES;
				CLANG_WARN_DEPRECATED_OBJC_IMPLEMENTATIONS = YES;
				CLANG_WARN_EMPTY_BODY = YES;
				CLANG_WARN_ENUM_CONVERSION = YES;
				CLANG_WARN_INFINITE_RECURSION = YES;
				CLANG_WARN_INT_CONVERSION = YES;
				CLANG_WARN_NON_LITERAL_NULL_CONVERSION = YES;
				CLANG_WARN_OBJC_IMPLICIT_RETAIN_SELF = YES;
				CLANG_WARN_OBJC_LITERAL_CONVERSION = YES;
				CLANG_WARN_QUOTED_INCLUDE_IN_FRAMEWORK_HEADER = YES;
				CLANG_WARN_RANGE_LOOP_ANALYSIS = YES;
				CLANG_WARN_STRICT_PROTOTYPES = YES;
				CLANG_WARN_SUSPICIOUS_MOVE = YES;
				CLANG_WARN_UNREACHABLE_CODE = NO;
				CLANG_WARN__DUPLICATE_METHOD_MATCH = YES;
				CONFIGURATION_BUILD_DIR = "$(SYNCLAVIER_BUILD)/XCode Build Products";
				CONFIGURATION_TEMP_DIR = "$(SYNCLAVIER_TEMP)/XCode Derived Data";
				DEAD_CODE_STRIPPING = YES;
				ENABLE_STRICT_OBJC_MSGSEND = YES;
				GCC_C_LANGUAGE_STANDARD = c11;
				GCC_NO_COMMON_BLOCKS = YES;
				GCC_OPTIMIZATION_LEVEL = fast;
				GCC_PRECOMPILE_PREFIX_HEADER = YES;
				GCC_WARN_64_TO_32_BIT_CONVERSION = YES;
				GCC_WARN_ABOUT_DEPRECATED_FUNCTIONS = NO;
				GCC_WARN_ABOUT_MISSING_PROTOTYPES = YES;
				GCC_WARN_ABOUT_RETURN_TYPE = YES;
				GCC_WARN_MISSING_PARENTHESES = YES;
				GCC_WARN_UNDECLARED_SELECTOR = YES;
				GCC_WARN_UNINITIALIZED_AUTOS = YES;
				GCC_WARN_UNKNOWN_PRAGMAS = YES;
				GCC_WARN_UNUSED_FUNCTION = NO;
				GCC_WARN_UNUSED_PARAMETER = NO;
				GCC_WARN_UNUSED_VARIABLE = NO;
				MACOSX_DEPLOYMENT_TARGET = 10.13;
				OBJROOT = "$(SYNCLAVIER_TEMP)/XCode Derived Data";
				ONLY_ACTIVE_ARCH = YES;
				OTHER_LDFLAGS = (
					"-Xlinker",
					"-U",
					"-Xlinker",
					_objc_readClassPair,
				);
				SDKROOT = macosx;
				SHARED_PRECOMPS_DIR = "$(SYNCLAVIER_TEMP)/XCode Derived Data";
				SYMROOT = "$(SYNCLAVIER_BUILD)/XCode Build Products";
				WARNING_CFLAGS = "-Wno-multichar";
			};
			name = Debug;
		};
		1DEB923708733DC60010E9CD /* Release */ = {
			isa = XCBuildConfiguration;
			buildSettings = {
				ALWAYS_SEARCH_USER_PATHS = NO;
				CLANG_CXX_LANGUAGE_STANDARD = "c++0x";
				CLANG_CXX_LIBRARY = "libc++";
				CLANG_WARN_BLOCK_CAPTURE_AUTORELEASING = YES;
				CLANG_WARN_BOOL_CONVERSION = YES;
				CLANG_WARN_COMMA = YES;
				CLANG_WARN_CONSTANT_CONVERSION = YES;
				CLANG_WARN_DEPRECATED_OBJC_IMPLEMENTATIONS = YES;
				CLANG_WARN_EMPTY_BODY = YES;
				CLANG_WARN_ENUM_CONVERSION = YES;
				CLANG_WARN_INFINITE_RECURSION = YES;
				CLANG_WARN_INT_CONVERSION = YES;
				CLANG_WARN_NON_LITERAL_NULL_CONVERSION = YES;
				CLANG_WARN_OBJC_IMPLICIT_RETAIN_SELF = YES;
				CLANG_WARN_OBJC_LITERAL_CONVERSION = YES;
				CLANG_WARN_QUOTED_INCLUDE_IN_FRAMEWORK_HEADER = YES;
				CLANG_WARN_RANGE_LOOP_ANALYSIS = YES;
				CLANG_WARN_STRICT_PROTOTYPES = YES;
				CLANG_WARN_SUSPICIOUS_MOVE = YES;
				CLANG_WARN_UNREACHABLE_CODE = NO;
				CLANG_WARN__DUPLICATE_METHOD_MATCH = YES;
				CONFIGURATION_BUILD_DIR = "$(SYNCLAVIER_BUILD)/XCode Build Products";
				CONFIGURATION_TEMP_DIR = "$(SYNCLAVIER_TEMP)/XCode Derived Data";
				DEAD_CODE_STRIPPING = YES;
				ENABLE_STRICT_OBJC_MSGSEND = YES;
				GCC_C_LANGUAGE_STANDARD = c11;
				GCC_NO_COMMON_BLOCKS = YES;
				GCC_OPTIMIZATION_LEVEL = fast;
				GCC_PRECOMPILE_PREFIX_HEADER = YES;
				GCC_WARN_64_TO_32_BIT_CONVERSION = YES;
				GCC_WARN_ABOUT_DEPRECATED_FUNCTIONS = NO;
				GCC_WARN_ABOUT_MISSING_PROTOTYPES = YES;
				GCC_WARN_ABOUT_RETURN_TYPE = YES;
				GCC_WARN_MISSING_PARENTHESES = YES;
				GCC_WARN_UNDECLARED_SELECTOR = YES;
				GCC_WARN_UNINITIALIZED_AUTOS = YES;
				GCC_WARN_UNKNOWN_PRAGMAS = YES;
				GCC_WARN_UNUSED_FUNCTION = NO;
				GCC_WARN_UNUSED_PARAMETER = NO;
				GCC_WARN_UNUSED_VARIABLE = NO;
				MACOSX_DEPLOYMENT_TARGET = 10.13;
				OBJROOT = "$(SYNCLAVIER_TEMP)/XCode Derived Data";
				OTHER_LDFLAGS = (
					"-Xlinker",
					"-U",
					"-Xlinker",
					_objc_readClassPair,
				);
				SDKROOT = macosx;
				SHARED_PRECOMPS_DIR = "$(SYNCLAVIER_TEMP)/XCode Derived Data";
				SYMROOT = "$(SYNCLAVIER_BUILD)/XCode Build Products";
				WARNING_CFLAGS = "-Wno-multichar";
			};
			name = Release;
		};
		8082832C1A6C1CA90062339C /* Debug */ = {
			isa = XCBuildConfiguration;
			buildSettings = {
				CLANG_ENABLE_OBJC_WEAK = YES;
				CLANG_WARN_CONSTANT_CONVERSION = NO;
				COPY_PHASE_STRIP = NO;
				GCC_DYNAMIC_NO_PIC = NO;
				GCC_OPTIMIZATION_LEVEL = 0;
				GCC_PREFIX_HEADER = XPLCompilerPrefix.h;
				GCC_WARN_64_TO_32_BIT_CONVERSION = NO;
				INSTALL_PATH = "$(HOME)/bin";
				MACOSX_DEPLOYMENT_TARGET = "$(RECOMMENDED_MACOSX_DEPLOYMENT_TARGET)";
				PRODUCT_NAME = XPLTranslator;
			};
			name = Debug;
		};
		8082832D1A6C1CA90062339C /* Release */ = {
			isa = XCBuildConfiguration;
			buildSettings = {
				CLANG_ENABLE_OBJC_WEAK = YES;
				CLANG_WARN_CONSTANT_CONVERSION = NO;
				GCC_GENERATE_DEBUGGING_SYMBOLS = NO;
				GCC_OPTIMIZATION_LEVEL = s;
				GCC_PREFIX_HEADER = XPLCompilerPrefix.h;
				GCC_WARN_64_TO_32_BIT_CONVERSION = NO;
				INSTALL_PATH = "$(HOME)/bin";
				MACOSX_DEPLOYMENT_TARGET = "$(RECOMMENDED_MACOSX_DEPLOYMENT_TARGET)";
				PRODUCT_NAME = XPLTranslator;
			};
			name = Release;
		};
/* End XCBuildConfiguration section */

/* Begin XCConfigurationList section */
		1DEB923108733DC60010E9CD /* Build configuration list for PBXNativeTarget "XPL Compiler" */ = {
			isa = XCConfigurationList;
			buildConfigurations = (
				1DEB923208733DC60010E9CD /* Debug */,
				1DEB923308733DC60010E9CD /* Release */,
			);
			defaultConfigurationIsVisible = 0;
			defaultConfigurationName = Release;
		};
		1DEB923508733DC60010E9CD /* Build configuration list for PBXProject "XPL Compiler" */ = {
			isa = XCConfigurationList;
			buildConfigurations = (
				1DEB923608733DC60010E9CD /* Debug */,
				1DEB923708733DC60010E9CD /* Release */,
			);
			defaultConfigurationIsVisible = 0;
			defaultConfigurationName = Release;
		};
		8082832B1A6C1CA90062339C /* Build configuration list for PBXNativeTarget "XPL Translator" */ = {
			isa = XCConfigurationList;
			buildConfigurations = (
				8082832C1A6C1CA90062339C /* Debug */,
				8082832D1A6C1CA90062339C /* Release */,
			);
			defaultConfigurationIsVisible = 0;
			defaultConfigurationName = Release;
		};
/* End XCConfigurationList section */
	};
	rootObject = 08FB7793FE84155DC02AAC07 /* Project object */;
}
